
Microsoft Visual Studio Solution File, Format Version 12.00
# Visual Studio Version 16
VisualStudioVersion = 16.0.36602.28
MinimumVisualStudioVersion = 10.0.40219.1
Project("{FAE04EC0-301F-11D3-BF4B-00C04F79EFBC}") = "FoodOrderingSystem", "FoodOrderingSystem\FoodOrderingSystem.csproj", "{011F5F51-6418-4FC3-8082-948EDB62C18B}"
EndProject
Global
	GlobalSection(SolutionConfigurationPlatforms) = preSolution
		Debug|Any CPU = Debug|Any CPU
		Release|Any CPU = Release|Any CPU
	EndGlobalSection
	GlobalSection(ProjectConfigurationPlatforms) = postSolution
		{011F5F51-6418-4FC3-8082-948EDB62C18B}.Debug|Any CPU.ActiveCfg = Debug|Any CPU
		{011F5F51-6418-4FC3-8082-948EDB62C18B}.Debug|Any CPU.Build.0 = Debug|Any CPU
		{011F5F51-6418-4FC3-8082-948EDB62C18B}.Release|Any CPU.ActiveCfg = Release|Any CPU
		{011F5F51-6418-4FC3-8082-948EDB62C18B}.Release|Any CPU.Build.0 = Release|Any CPU
	EndGlobalSection
	GlobalSection(SolutionProperties) = preSolution
		HideSolutionNode = FALSE
	EndGlobalSection
	GlobalSection(ExtensibilityGlobals) = postSolution
		SolutionGuid = {1D7A195D-ED4B-466F-B4FD-14BBF9E09D70}
	EndGlobalSection
EndGlobal
